dependencies:
  espressif/qrcode:
    component_hash: 31e70991ce22f28d73a4386417fc9c0993f61e1aab1832474fd9e3db8da9dcbd
    dependencies: []
    source:
      registry_url: https://components.espressif.com/
      type: service
    version: 0.2.0
  idf:
    source:
      type: idf
    version: 5.5.3
direct_dependencies:
- espressif/qrcode
manifest_hash: 2c52a7f4f8e8123838515313c584955f5baa90b336fa4c9647f186aa7398e173
target: esp32
version: 2.0.0
